
Microsoft Visual Studio Solution File, Format Version 12.00
# Visual Studio Version 17
VisualStudioVersion = 17.13.35828.75
MinimumVisualStudioVersion = 10.0.40219.1
Project("{FAE04EC0-301F-11D3-BF4B-00C04F79EFBC}") = "SimpleBlog.Api", "SimpleBlog\SimpleBlog.Api.csproj", "{D85347B3-CB74-4615-B376-B4537FC9392E}"
EndProject
Project("{2150E333-8FDC-42A3-9474-1A3956D46DE8}") = "Solution items", "Solution items", "{02EA681E-C7D8-13C7-8484-4AC65E1B71E8}"
EndProject
Project("{2150E333-8FDC-42A3-9474-1A3956D46DE8}") = "Src", "Src", "{BCDE5280-7B6D-4073-BE0E-222435C430D8}"
EndProject
Project("{2150E333-8FDC-42A3-9474-1A3956D46DE8}") = "Tests", "Tests", "{95339B43-6B95-4809-B8ED-BDCFA004C21B}"
EndProject
Project("{2150E333-8FDC-42A3-9474-1A3956D46DE8}") = "2 - Services", "2 - Services", "{778A462B-3D63-4B28-9CBD-CBE2FB0CD6E2}"
EndProject
Project("{2150E333-8FDC-42A3-9474-1A3956D46DE8}") = "3 - Application", "3 - Application", "{BF4DF7ED-DA12-47C9-B24C-AC0456B45F1E}"
EndProject
Project("{2150E333-8FDC-42A3-9474-1A3956D46DE8}") = "4 - Domain", "4 - Domain", "{F3D4A08B-AA51-48F0-8780-6EBE5652E062}"
EndProject
Project("{2150E333-8FDC-42A3-9474-1A3956D46DE8}") = "5 - Infra", "5 - Infra", "{C46D613C-7BC4-4878-92BC-D759C93C2902}"
EndProject
Project("{FAE04EC0-301F-11D3-BF4B-00C04F79EFBC}") = "SimpleBlog.Domain", "SimpleBlog.Domain\SimpleBlog.Domain.csproj", "{80253B46-2888-4E9E-8A7B-DB336D310F01}"
EndProject
Project("{2150E333-8FDC-42A3-9474-1A3956D46DE8}") = "5.1 - Data", "5.1 - Data", "{65A8FA30-BB49-41E5-91EC-3BFF101743E2}"
EndProject
Project("{2150E333-8FDC-42A3-9474-1A3956D46DE8}") = "5.2 - CrossCutting", "5.2 - CrossCutting", "{BB34BBA6-FDE5-49E2-8674-07569D8D267E}"
EndProject
Project("{FAE04EC0-301F-11D3-BF4B-00C04F79EFBC}") = "SimpleBlog.Infra.Data", "SimpleBlog.Infra.Data\SimpleBlog.Infra.Data.csproj", "{61FBCA1D-886D-45B7-82F5-53FE4B268FCE}"
EndProject
Project("{FAE04EC0-301F-11D3-BF4B-00C04F79EFBC}") = "SimpleBlog.Application", "SimpleBlog.Application\SimpleBlog.Application.csproj", "{9F219C14-55D6-4CB0-A2B1-ED93BE0ED8E4}"
EndProject
Project("{FAE04EC0-301F-11D3-BF4B-00C04F79EFBC}") = "SimpleBlog.Infra.CrossCutting.IoC", "SimpleBlog.Infra.CrossCutting.IoC\SimpleBlog.Infra.CrossCutting.IoC.csproj", "{6F2335D3-4C68-4AA4-8322-0A1AC2E3D03A}"
EndProject
Project("{FAE04EC0-301F-11D3-BF4B-00C04F79EFBC}") = "SimpleBlog.Infra.CrossCutting.Bus", "SimpleBlog.Infra.CrossCutting.Bus\SimpleBlog.Infra.CrossCutting.Bus.csproj", "{65D25CB0-245C-4EE0-98EA-2030F317D6C9}"
EndProject
Global
	GlobalSection(SolutionConfigurationPlatforms) = preSolution
		Debug|Any CPU = Debug|Any CPU
		Release|Any CPU = Release|Any CPU
	EndGlobalSection
	GlobalSection(ProjectConfigurationPlatforms) = postSolution
		{D85347B3-CB74-4615-B376-B4537FC9392E}.Debug|Any CPU.ActiveCfg = Debug|Any CPU
		{D85347B3-CB74-4615-B376-B4537FC9392E}.Debug|Any CPU.Build.0 = Debug|Any CPU
		{D85347B3-CB74-4615-B376-B4537FC9392E}.Release|Any CPU.ActiveCfg = Release|Any CPU
		{D85347B3-CB74-4615-B376-B4537FC9392E}.Release|Any CPU.Build.0 = Release|Any CPU
		{80253B46-2888-4E9E-8A7B-DB336D310F01}.Debug|Any CPU.ActiveCfg = Debug|Any CPU
		{80253B46-2888-4E9E-8A7B-DB336D310F01}.Debug|Any CPU.Build.0 = Debug|Any CPU
		{80253B46-2888-4E9E-8A7B-DB336D310F01}.Release|Any CPU.ActiveCfg = Release|Any CPU
		{80253B46-2888-4E9E-8A7B-DB336D310F01}.Release|Any CPU.Build.0 = Release|Any CPU
		{61FBCA1D-886D-45B7-82F5-53FE4B268FCE}.Debug|Any CPU.ActiveCfg = Debug|Any CPU
		{61FBCA1D-886D-45B7-82F5-53FE4B268FCE}.Debug|Any CPU.Build.0 = Debug|Any CPU
		{61FBCA1D-886D-45B7-82F5-53FE4B268FCE}.Release|Any CPU.ActiveCfg = Release|Any CPU
		{61FBCA1D-886D-45B7-82F5-53FE4B268FCE}.Release|Any CPU.Build.0 = Release|Any CPU
		{9F219C14-55D6-4CB0-A2B1-ED93BE0ED8E4}.Debug|Any CPU.ActiveCfg = Debug|Any CPU
		{9F219C14-55D6-4CB0-A2B1-ED93BE0ED8E4}.Debug|Any CPU.Build.0 = Debug|Any CPU
		{9F219C14-55D6-4CB0-A2B1-ED93BE0ED8E4}.Release|Any CPU.ActiveCfg = Release|Any CPU
		{9F219C14-55D6-4CB0-A2B1-ED93BE0ED8E4}.Release|Any CPU.Build.0 = Release|Any CPU
		{6F2335D3-4C68-4AA4-8322-0A1AC2E3D03A}.Debug|Any CPU.ActiveCfg = Debug|Any CPU
		{6F2335D3-4C68-4AA4-8322-0A1AC2E3D03A}.Debug|Any CPU.Build.0 = Debug|Any CPU
		{6F2335D3-4C68-4AA4-8322-0A1AC2E3D03A}.Release|Any CPU.ActiveCfg = Release|Any CPU
		{6F2335D3-4C68-4AA4-8322-0A1AC2E3D03A}.Release|Any CPU.Build.0 = Release|Any CPU
		{65D25CB0-245C-4EE0-98EA-2030F317D6C9}.Debug|Any CPU.ActiveCfg = Debug|Any CPU
		{65D25CB0-245C-4EE0-98EA-2030F317D6C9}.Debug|Any CPU.Build.0 = Debug|Any CPU
		{65D25CB0-245C-4EE0-98EA-2030F317D6C9}.Release|Any CPU.ActiveCfg = Release|Any CPU
		{65D25CB0-245C-4EE0-98EA-2030F317D6C9}.Release|Any CPU.Build.0 = Release|Any CPU
	EndGlobalSection
	GlobalSection(SolutionProperties) = preSolution
		HideSolutionNode = FALSE
	EndGlobalSection
	GlobalSection(NestedProjects) = preSolution
		{D85347B3-CB74-4615-B376-B4537FC9392E} = {778A462B-3D63-4B28-9CBD-CBE2FB0CD6E2}
		{778A462B-3D63-4B28-9CBD-CBE2FB0CD6E2} = {BCDE5280-7B6D-4073-BE0E-222435C430D8}
		{BF4DF7ED-DA12-47C9-B24C-AC0456B45F1E} = {BCDE5280-7B6D-4073-BE0E-222435C430D8}
		{F3D4A08B-AA51-48F0-8780-6EBE5652E062} = {BCDE5280-7B6D-4073-BE0E-222435C430D8}
		{C46D613C-7BC4-4878-92BC-D759C93C2902} = {BCDE5280-7B6D-4073-BE0E-222435C430D8}
		{80253B46-2888-4E9E-8A7B-DB336D310F01} = {F3D4A08B-AA51-48F0-8780-6EBE5652E062}
		{65A8FA30-BB49-41E5-91EC-3BFF101743E2} = {C46D613C-7BC4-4878-92BC-D759C93C2902}
		{BB34BBA6-FDE5-49E2-8674-07569D8D267E} = {C46D613C-7BC4-4878-92BC-D759C93C2902}
		{61FBCA1D-886D-45B7-82F5-53FE4B268FCE} = {65A8FA30-BB49-41E5-91EC-3BFF101743E2}
		{9F219C14-55D6-4CB0-A2B1-ED93BE0ED8E4} = {BF4DF7ED-DA12-47C9-B24C-AC0456B45F1E}
		{6F2335D3-4C68-4AA4-8322-0A1AC2E3D03A} = {BB34BBA6-FDE5-49E2-8674-07569D8D267E}
		{65D25CB0-245C-4EE0-98EA-2030F317D6C9} = {BB34BBA6-FDE5-49E2-8674-07569D8D267E}
	EndGlobalSection
	GlobalSection(ExtensibilityGlobals) = postSolution
		SolutionGuid = {39131A94-BC6C-49CF-86E3-2855BE633C36}
	EndGlobalSection
EndGlobal
